# THIS IS AN AUTOGENERATED FILE. DO NOT EDIT THIS FILE DIRECTLY.
# yarn lockfile v1


"@tinymce/tinymce-vue@^5":
  version "5.1.1"
  resolved "https://registry.yarnpkg.com/@tinymce/tinymce-vue/-/tinymce-vue-5.1.1.tgz#0879787e07833a4316b2eaf0417c7c6a2abce86b"
  integrity sha512-iO57HOWesFOhsaqjA5Ea6sDvQBmJJH3/dq00Uvg7metlct2kLF+ctRgoDsetLt6gmeZ7COPftr814/XzqnJ/dg==
  dependencies:
    tinymce "^6.0.0 || ^5.5.1"

"tinymce@^6.0.0 || ^5.5.1":
  version "6.8.4"
  resolved "https://registry.yarnpkg.com/tinymce/-/tinymce-6.8.4.tgz#53e1313ebfe5524b24c0fa45937d51fda058632d"
  integrity sha512-okoJyxuPv1gzASxQDNgQbnUXOdAIyoOSXcXcZZu7tiW0PSKEdf3SdASxPBupRj+64/E3elHwVRnzSdo82Emqbg==
